
Microsoft Visual Studio Solution File, Format Version 12.00
# Visual Studio Version 16
VisualStudioVersion = 16.0.31410.357
MinimumVisualStudioVersion = 10.0.40219.1
Project("{FAE04EC0-301F-11D3-BF4B-00C04F79EFBC}") = "HomeworkDelegates", "HomeworkDelegates\HomeworkDelegates.csproj", "{A40E1055-19DE-4D09-8BB8-9F1C5C511062}"
EndProject
Project("{FAE04EC0-301F-11D3-BF4B-00C04F79EFBC}") = "ClassLibrary", "ClassLibrary\ClassLibrary.csproj", "{C55CF0E4-6456-4AE5-9FBB-FD7A35567BEF}"
EndProject
Global
	GlobalSection(SolutionConfigurationPlatforms) = preSolution
		Debug|Any CPU = Debug|Any CPU
		Release|Any CPU = Release|Any CPU
	EndGlobalSection
	GlobalSection(ProjectConfigurationPlatforms) = postSolution
		{A40E1055-19DE-4D09-8BB8-9F1C5C511062}.Debug|Any CPU.ActiveCfg = Debug|Any CPU
		{A40E1055-19DE-4D09-8BB8-9F1C5C511062}.Debug|Any CPU.Build.0 = Debug|Any CPU
		{A40E1055-19DE-4D09-8BB8-9F1C5C511062}.Release|Any CPU.ActiveCfg = Release|Any CPU
		{A40E1055-19DE-4D09-8BB8-9F1C5C511062}.Release|Any CPU.Build.0 = Release|Any CPU
		{C55CF0E4-6456-4AE5-9FBB-FD7A35567BEF}.Debug|Any CPU.ActiveCfg = Debug|Any CPU
		{C55CF0E4-6456-4AE5-9FBB-FD7A35567BEF}.Debug|Any CPU.Build.0 = Debug|Any CPU
		{C55CF0E4-6456-4AE5-9FBB-FD7A35567BEF}.Release|Any CPU.ActiveCfg = Release|Any CPU
		{C55CF0E4-6456-4AE5-9FBB-FD7A35567BEF}.Release|Any CPU.Build.0 = Release|Any CPU
	EndGlobalSection
	GlobalSection(SolutionProperties) = preSolution
		HideSolutionNode = FALSE
	EndGlobalSection
	GlobalSection(ExtensibilityGlobals) = postSolution
		SolutionGuid = {185F4365-C20D-4F4A-9B94-0D4FFCB46DC9}
	EndGlobalSection
EndGlobal
